dependencies:
  DCCEXProtocol:
    component_hash: bf143aaa2e773ef871cc801549022c8ec177056409d1452f967b99bbaf273735
    dependencies: []
    source:
      git: https://github.com/mwinters-stuff/DCCEXProtocol.git
      path: .
      type: git
    targets:
    - esp32
    - esp32s2
    - esp32s3
    - esp32c3
    version: 38a0bd527cdae0445a4b6609beb2e513f656d679
  LovyanGFX:
    component_hash: 4b16f8e694fa4868f1312a4d593f5e4eab57e0693b050e1d08220ae8dad16520
    dependencies: []
    source:
      git: https://github.com/lovyan03/LovyanGFX.git
      path: .
      type: git
    version: 6f6e9a052fc719ecb2b42640b0207215050d2560
  espressif/mdns:
    component_hash: 7c0fa01a1cd0e72a87ec1928c3b661c0a3a9034a6d3a69dcf4850db8c6f272db
    dependencies:
    - name: idf
      require: private
      version: '>=5.0'
    source:
      registry_url: https://components.espressif.com/
      type: service
    version: 1.10.1
  idf:
    source:
      type: idf
    version: 5.5.1
  lvgl/lvgl:
    component_hash: 184e532558c1c45fefed631f3e235423d22582aafb4630f3e8885c35281a49ae
    dependencies: []
    source:
      registry_url: https://components.espressif.com/
      type: service
    version: 9.5.0
direct_dependencies:
- DCCEXProtocol
- LovyanGFX
- espressif/mdns
- idf
- lvgl/lvgl
manifest_hash: dca84f0e037bd5b0448f596154eb882da9d9df373f6ccbdc7455ed99a4aa6a85
target: esp32s3
version: 2.0.0
