dependencies:
  DCCEXProtocol:
    component_hash: 2f156cf5fc2da61ca304a2b507a42aa7de8c1b30c3d693979d8f54b26cc20022
    dependencies: []
    source:
      git: https://github.com/mwinters-stuff/DCCEXProtocol.git
      path: .
      type: git
    targets:
    - esp32
    - esp32s2
    - esp32s3
    - esp32c3
    version: 9758f1b4c604f96ec4124e7e331795c293572883
  LovyanGFX:
    component_hash: 4b16f8e694fa4868f1312a4d593f5e4eab57e0693b050e1d08220ae8dad16520
    dependencies: []
    source:
      git: https://github.com/lovyan03/LovyanGFX.git
      path: .
      type: git
    version: 6f6e9a052fc719ecb2b42640b0207215050d2560
  espressif/mdns:
    component_hash: 7c0fa01a1cd0e72a87ec1928c3b661c0a3a9034a6d3a69dcf4850db8c6f272db
    dependencies:
    - name: idf
      require: private
      version: '>=5.0'
    source:
      registry_url: https://components.espressif.com/
      type: service
    version: 1.10.1
  idf:
    source:
      type: idf
    version: 5.5.1
  lvgl/lvgl:
    component_hash: d7c1ac037ae6e85d94897f807d6e7ba0946a83e720074fc95a4f6241da9f9f53
    dependencies: []
    source:
      registry_url: https://components.espressif.com/
      type: service
    version: 8.4.0
direct_dependencies:
- DCCEXProtocol
- LovyanGFX
- espressif/mdns
- idf
- lvgl/lvgl
manifest_hash: abca8e7c8867b9c1ff6b4bbb4de2ba9e44381470f6f3e3e047e353c75a79004e
target: esp32s3
version: 2.0.0
