dependencies:
  LovyanGFX_dev:
    component_hash: 0de4f2fe296403116df4f27fcc0e27efa1d1cca7346d0258f6abfaee2d054864
    dependencies: []
    source:
      git: https://github.com/lovyan03/LovyanGFX.git
      path: .
      type: git
    version: 2e0dc974a9b6521bf155afb53a9a92a623a60803
  idf:
    source:
      type: idf
    version: 5.5.1
  lvgl/lvgl:
    component_hash: d7c1ac037ae6e85d94897f807d6e7ba0946a83e720074fc95a4f6241da9f9f53
    dependencies: []
    source:
      registry_url: https://components.espressif.com/
      type: service
    version: 8.4.0
direct_dependencies:
- LovyanGFX_dev
- idf
- lvgl/lvgl
manifest_hash: 6365a94872cf8f510c22eeeb7cd79c657a5c8003bf5518d4b5ed9aa2a4fd51a2
target: esp32s3
version: 2.0.0
